
Microsoft Visual Studio Solution File, Format Version 12.00
# Visual Studio Version 17
VisualStudioVersion = 17.11.35327.3
MinimumVisualStudioVersion = 10.0.40219.1
Project("{9A19103F-16F7-4668-BE54-9A1E7A4F7556}") = "Drax360Client", "Drax360Client\Drax360Client.csproj", "{FFE1AAA5-4EEA-46AC-8925-848BCE8AF37F}"
EndProject
Project("{9A19103F-16F7-4668-BE54-9A1E7A4F7556}") = "Read AMX File", "Read AMX File\Read AMX File.csproj", "{76D5697B-B0D9-4C9B-BCAF-83A3450D9DE7}"
EndProject
Project("{FAE04EC0-301F-11D3-BF4B-00C04F79EFBC}") = "MQTT Test", "MQTT Test\MQTT Test.csproj", "{DBB17C8A-D8B7-4975-93DA-62CA53C39727}"
EndProject
Project("{54435603-DBB4-11D2-8724-00A0C9A8B90C}") = "DraxClientSetup", "DraxClientSetup\DraxClientSetup.vdproj", "{45425AA4-F1E6-0BF1-3D4D-C5B6CB818F20}"
EndProject
Global
	GlobalSection(SolutionConfigurationPlatforms) = preSolution
		Debug|Any CPU = Debug|Any CPU
		Release|Any CPU = Release|Any CPU
	EndGlobalSection
	GlobalSection(ProjectConfigurationPlatforms) = postSolution
		{FFE1AAA5-4EEA-46AC-8925-848BCE8AF37F}.Debug|Any CPU.ActiveCfg = Debug|Any CPU
		{FFE1AAA5-4EEA-46AC-8925-848BCE8AF37F}.Debug|Any CPU.Build.0 = Debug|Any CPU
		{FFE1AAA5-4EEA-46AC-8925-848BCE8AF37F}.Release|Any CPU.ActiveCfg = Release|Any CPU
		{FFE1AAA5-4EEA-46AC-8925-848BCE8AF37F}.Release|Any CPU.Build.0 = Release|Any CPU
		{76D5697B-B0D9-4C9B-BCAF-83A3450D9DE7}.Debug|Any CPU.ActiveCfg = Debug|Any CPU
		{76D5697B-B0D9-4C9B-BCAF-83A3450D9DE7}.Debug|Any CPU.Build.0 = Debug|Any CPU
		{76D5697B-B0D9-4C9B-BCAF-83A3450D9DE7}.Release|Any CPU.ActiveCfg = Release|Any CPU
		{76D5697B-B0D9-4C9B-BCAF-83A3450D9DE7}.Release|Any CPU.Build.0 = Release|Any CPU
		{DBB17C8A-D8B7-4975-93DA-62CA53C39727}.Debug|Any CPU.ActiveCfg = Debug|Any CPU
		{DBB17C8A-D8B7-4975-93DA-62CA53C39727}.Debug|Any CPU.Build.0 = Debug|Any CPU
		{DBB17C8A-D8B7-4975-93DA-62CA53C39727}.Release|Any CPU.ActiveCfg = Release|Any CPU
		{DBB17C8A-D8B7-4975-93DA-62CA53C39727}.Release|Any CPU.Build.0 = Release|Any CPU
		{45425AA4-F1E6-0BF1-3D4D-C5B6CB818F20}.Debug|Any CPU.ActiveCfg = Debug
		{45425AA4-F1E6-0BF1-3D4D-C5B6CB818F20}.Release|Any CPU.ActiveCfg = Release
	EndGlobalSection
	GlobalSection(SolutionProperties) = preSolution
		HideSolutionNode = FALSE
	EndGlobalSection
	GlobalSection(ExtensibilityGlobals) = postSolution
		SolutionGuid = {0E371CF3-2901-4208-A034-22EB8A92A940}
	EndGlobalSection
EndGlobal
