
Microsoft Visual Studio Solution File, Format Version 12.00
# Visual Studio Version 18
VisualStudioVersion = 18.2.11415.280 d18.0
MinimumVisualStudioVersion = 10.0.40219.1
Project("{9A19103F-16F7-4668-BE54-9A1E7A4F7556}") = "DraxClient", "Drax360Client\DraxClient.csproj", "{FFE1AAA5-4EEA-46AC-8925-848BCE8AF37F}"
EndProject
Project("{9A19103F-16F7-4668-BE54-9A1E7A4F7556}") = "Read AMX File", "Read AMX File\Read AMX File.csproj", "{76D5697B-B0D9-4C9B-BCAF-83A3450D9DE7}"
EndProject
Project("{FAE04EC0-301F-11D3-BF4B-00C04F79EFBC}") = "MQTT Test", "MQTT Test\MQTT Test.csproj", "{DBB17C8A-D8B7-4975-93DA-62CA53C39727}"
EndProject
Project("{9A19103F-16F7-4668-BE54-9A1E7A4F7556}") = "DraxClientMsi", "DraxClientMsi\DraxClientMsi.wixproj", "{5E29521F-A92C-40BC-A9C5-BC3660549016}"
EndProject
Project("{9A19103F-16F7-4668-BE54-9A1E7A4F7556}") = "DraxClientSetup", "DraxClientSetup\DraxClientSetup.wixproj", "{B3C4D5E6-F7A8-9B0C-1D2E-3F4A5B6C7D8E}"
EndProject
Global
	GlobalSection(SolutionConfigurationPlatforms) = preSolution
		Debug|Any CPU = Debug|Any CPU
		Release|Any CPU = Release|Any CPU
	EndGlobalSection
	GlobalSection(ProjectConfigurationPlatforms) = postSolution
		{FFE1AAA5-4EEA-46AC-8925-848BCE8AF37F}.Debug|Any CPU.ActiveCfg = Debug|Any CPU
		{FFE1AAA5-4EEA-46AC-8925-848BCE8AF37F}.Debug|Any CPU.Build.0 = Debug|Any CPU
		{FFE1AAA5-4EEA-46AC-8925-848BCE8AF37F}.Release|Any CPU.ActiveCfg = Release|Any CPU
		{FFE1AAA5-4EEA-46AC-8925-848BCE8AF37F}.Release|Any CPU.Build.0 = Release|Any CPU
		{76D5697B-B0D9-4C9B-BCAF-83A3450D9DE7}.Debug|Any CPU.ActiveCfg = Debug|Any CPU
		{76D5697B-B0D9-4C9B-BCAF-83A3450D9DE7}.Debug|Any CPU.Build.0 = Debug|Any CPU
		{76D5697B-B0D9-4C9B-BCAF-83A3450D9DE7}.Release|Any CPU.ActiveCfg = Release|Any CPU
		{76D5697B-B0D9-4C9B-BCAF-83A3450D9DE7}.Release|Any CPU.Build.0 = Release|Any CPU
		{DBB17C8A-D8B7-4975-93DA-62CA53C39727}.Debug|Any CPU.ActiveCfg = Debug|Any CPU
		{DBB17C8A-D8B7-4975-93DA-62CA53C39727}.Debug|Any CPU.Build.0 = Debug|Any CPU
		{DBB17C8A-D8B7-4975-93DA-62CA53C39727}.Release|Any CPU.ActiveCfg = Release|Any CPU
		{DBB17C8A-D8B7-4975-93DA-62CA53C39727}.Release|Any CPU.Build.0 = Release|Any CPU
		{5E29521F-A92C-40BC-A9C5-BC3660549016}.Debug|Any CPU.ActiveCfg = Debug|x64
		{5E29521F-A92C-40BC-A9C5-BC3660549016}.Debug|Any CPU.Build.0 = Debug|x64
		{5E29521F-A92C-40BC-A9C5-BC3660549016}.Release|Any CPU.ActiveCfg = Release|x64
		{5E29521F-A92C-40BC-A9C5-BC3660549016}.Release|Any CPU.Build.0 = Release|x64
		{B3C4D5E6-F7A8-9B0C-1D2E-3F4A5B6C7D8E}.Debug|Any CPU.ActiveCfg = Debug|x64
		{B3C4D5E6-F7A8-9B0C-1D2E-3F4A5B6C7D8E}.Debug|Any CPU.Build.0 = Debug|x64
		{B3C4D5E6-F7A8-9B0C-1D2E-3F4A5B6C7D8E}.Release|Any CPU.ActiveCfg = Release|x64
		{B3C4D5E6-F7A8-9B0C-1D2E-3F4A5B6C7D8E}.Release|Any CPU.Build.0 = Release|x64
	EndGlobalSection
	GlobalSection(SolutionProperties) = preSolution
		HideSolutionNode = FALSE
	EndGlobalSection
	GlobalSection(ExtensibilityGlobals) = postSolution
		SolutionGuid = {0E371CF3-2901-4208-A034-22EB8A92A940}
	EndGlobalSection
EndGlobal
